<?xml version="1.0" encoding="utf-8"?>
<Project ToolsVersion="16.0" xmlns="http://schemas.microsoft.com/developer/msbuild/2003">
  <ItemGroup>
    <ClCompile Include="C:\Users\redzo\Downloads\bullet3-2.89\bullet3-2.89\src\BulletSoftBody\btSoftBody.cpp">
      <Filter>Source Files</Filter>
    </ClCompile>
    <ClCompile Include="C:\Users\redzo\Downloads\bullet3-2.89\bullet3-2.89\src\BulletSoftBody\btSoftBodyConcaveCollisionAlgorithm.cpp">
      <Filter>Source Files</Filter>
    </ClCompile>
    <ClCompile Include="C:\Users\redzo\Downloads\bullet3-2.89\bullet3-2.89\src\BulletSoftBody\btSoftBodyHelpers.cpp">
      <Filter>Source Files</Filter>
    </ClCompile>
    <ClCompile Include="C:\Users\redzo\Downloads\bullet3-2.89\bullet3-2.89\src\BulletSoftBody\btSoftBodyRigidBodyCollisionConfiguration.cpp">
      <Filter>Source Files</Filter>
    </ClCompile>
    <ClCompile Include="C:\Users\redzo\Downloads\bullet3-2.89\bullet3-2.89\src\BulletSoftBody\btSoftRigidCollisionAlgorithm.cpp">
      <Filter>Source Files</Filter>
    </ClCompile>
    <ClCompile Include="C:\Users\redzo\Downloads\bullet3-2.89\bullet3-2.89\src\BulletSoftBody\btSoftRigidDynamicsWorld.cpp">
      <Filter>Source Files</Filter>
    </ClCompile>
    <ClCompile Include="C:\Users\redzo\Downloads\bullet3-2.89\bullet3-2.89\src\BulletSoftBody\btSoftMultiBodyDynamicsWorld.cpp">
      <Filter>Source Files</Filter>
    </ClCompile>
    <ClCompile Include="C:\Users\redzo\Downloads\bullet3-2.89\bullet3-2.89\src\BulletSoftBody\btSoftSoftCollisionAlgorithm.cpp">
      <Filter>Source Files</Filter>
    </ClCompile>
    <ClCompile Include="C:\Users\redzo\Downloads\bullet3-2.89\bullet3-2.89\src\BulletSoftBody\btDefaultSoftBodySolver.cpp">
      <Filter>Source Files</Filter>
    </ClCompile>
    <ClCompile Include="C:\Users\redzo\Downloads\bullet3-2.89\bullet3-2.89\src\BulletSoftBody\btDeformableBackwardEulerObjective.cpp">
      <Filter>Source Files</Filter>
    </ClCompile>
    <ClCompile Include="C:\Users\redzo\Downloads\bullet3-2.89\bullet3-2.89\src\BulletSoftBody\btDeformableBodySolver.cpp">
      <Filter>Source Files</Filter>
    </ClCompile>
    <ClCompile Include="C:\Users\redzo\Downloads\bullet3-2.89\bullet3-2.89\src\BulletSoftBody\btDeformableMultiBodyConstraintSolver.cpp">
      <Filter>Source Files</Filter>
    </ClCompile>
    <ClCompile Include="C:\Users\redzo\Downloads\bullet3-2.89\bullet3-2.89\src\BulletSoftBody\btDeformableContactProjection.cpp">
      <Filter>Source Files</Filter>
    </ClCompile>
    <ClCompile Include="C:\Users\redzo\Downloads\bullet3-2.89\bullet3-2.89\src\BulletSoftBody\btDeformableMultiBodyDynamicsWorld.cpp">
      <Filter>Source Files</Filter>
    </ClCompile>
    <ClCompile Include="C:\Users\redzo\Downloads\bullet3-2.89\bullet3-2.89\src\BulletSoftBody\btDeformableContactConstraint.cpp">
      <Filter>Source Files</Filter>
    </ClCompile>
  </ItemGroup>
  <ItemGroup>
    <ClInclude Include="C:\Users\redzo\Downloads\bullet3-2.89\bullet3-2.89\src\BulletSoftBody\btSoftBody.h">
      <Filter>Header Files</Filter>
    </ClInclude>
    <ClInclude Include="C:\Users\redzo\Downloads\bullet3-2.89\bullet3-2.89\src\BulletSoftBody\btSoftBodyData.h">
      <Filter>Header Files</Filter>
    </ClInclude>
    <ClInclude Include="C:\Users\redzo\Downloads\bullet3-2.89\bullet3-2.89\src\BulletSoftBody\btSoftBodyConcaveCollisionAlgorithm.h">
      <Filter>Header Files</Filter>
    </ClInclude>
    <ClInclude Include="C:\Users\redzo\Downloads\bullet3-2.89\bullet3-2.89\src\BulletSoftBody\btSoftBodyHelpers.h">
      <Filter>Header Files</Filter>
    </ClInclude>
    <ClInclude Include="C:\Users\redzo\Downloads\bullet3-2.89\bullet3-2.89\src\BulletSoftBody\btSoftBodyRigidBodyCollisionConfiguration.h">
      <Filter>Header Files</Filter>
    </ClInclude>
    <ClInclude Include="C:\Users\redzo\Downloads\bullet3-2.89\bullet3-2.89\src\BulletSoftBody\btSoftRigidCollisionAlgorithm.h">
      <Filter>Header Files</Filter>
    </ClInclude>
    <ClInclude Include="C:\Users\redzo\Downloads\bullet3-2.89\bullet3-2.89\src\BulletSoftBody\btSoftRigidDynamicsWorld.h">
      <Filter>Header Files</Filter>
    </ClInclude>
    <ClInclude Include="C:\Users\redzo\Downloads\bullet3-2.89\bullet3-2.89\src\BulletSoftBody\btSoftMultiBodyDynamicsWorld.h">
      <Filter>Header Files</Filter>
    </ClInclude>
    <ClInclude Include="C:\Users\redzo\Downloads\bullet3-2.89\bullet3-2.89\src\BulletSoftBody\btSoftSoftCollisionAlgorithm.h">
      <Filter>Header Files</Filter>
    </ClInclude>
    <ClInclude Include="C:\Users\redzo\Downloads\bullet3-2.89\bullet3-2.89\src\BulletSoftBody\btSparseSDF.h">
      <Filter>Header Files</Filter>
    </ClInclude>
    <ClInclude Include="C:\Users\redzo\Downloads\bullet3-2.89\bullet3-2.89\src\BulletSoftBody\btSoftBodySolvers.h">
      <Filter>Header Files</Filter>
    </ClInclude>
    <ClInclude Include="C:\Users\redzo\Downloads\bullet3-2.89\bullet3-2.89\src\BulletSoftBody\btDefaultSoftBodySolver.h">
      <Filter>Header Files</Filter>
    </ClInclude>
    <ClInclude Include="C:\Users\redzo\Downloads\bullet3-2.89\bullet3-2.89\src\BulletSoftBody\btCGProjection.h">
      <Filter>Header Files</Filter>
    </ClInclude>
    <ClInclude Include="C:\Users\redzo\Downloads\bullet3-2.89\bullet3-2.89\src\BulletSoftBody\btConjugateGradient.h">
      <Filter>Header Files</Filter>
    </ClInclude>
    <ClInclude Include="C:\Users\redzo\Downloads\bullet3-2.89\bullet3-2.89\src\BulletSoftBody\btDeformableGravityForce.h">
      <Filter>Header Files</Filter>
    </ClInclude>
    <ClInclude Include="C:\Users\redzo\Downloads\bullet3-2.89\bullet3-2.89\src\BulletSoftBody\btDeformableMassSpringForce.h">
      <Filter>Header Files</Filter>
    </ClInclude>
    <ClInclude Include="C:\Users\redzo\Downloads\bullet3-2.89\bullet3-2.89\src\BulletSoftBody\btDeformableCorotatedForce.h">
      <Filter>Header Files</Filter>
    </ClInclude>
    <ClInclude Include="C:\Users\redzo\Downloads\bullet3-2.89\bullet3-2.89\src\BulletSoftBody\btDeformableNeoHookeanForce.h">
      <Filter>Header Files</Filter>
    </ClInclude>
    <ClInclude Include="C:\Users\redzo\Downloads\bullet3-2.89\bullet3-2.89\src\BulletSoftBody\btDeformableLinearElasticityForce.h">
      <Filter>Header Files</Filter>
    </ClInclude>
    <ClInclude Include="C:\Users\redzo\Downloads\bullet3-2.89\bullet3-2.89\src\BulletSoftBody\btDeformableLagrangianForce.h">
      <Filter>Header Files</Filter>
    </ClInclude>
    <ClInclude Include="C:\Users\redzo\Downloads\bullet3-2.89\bullet3-2.89\src\BulletSoftBody\btPreconditioner.h">
      <Filter>Header Files</Filter>
    </ClInclude>
    <ClInclude Include="C:\Users\redzo\Downloads\bullet3-2.89\bullet3-2.89\src\BulletSoftBody\btDeformableBackwardEulerObjective.h">
      <Filter>Header Files</Filter>
    </ClInclude>
    <ClInclude Include="C:\Users\redzo\Downloads\bullet3-2.89\bullet3-2.89\src\BulletSoftBody\btDeformableBodySolver.h">
      <Filter>Header Files</Filter>
    </ClInclude>
    <ClInclude Include="C:\Users\redzo\Downloads\bullet3-2.89\bullet3-2.89\src\BulletSoftBody\btDeformableMultiBodyConstraintSolver.h">
      <Filter>Header Files</Filter>
    </ClInclude>
    <ClInclude Include="C:\Users\redzo\Downloads\bullet3-2.89\bullet3-2.89\src\BulletSoftBody\btDeformableContactProjection.h">
      <Filter>Header Files</Filter>
    </ClInclude>
    <ClInclude Include="C:\Users\redzo\Downloads\bullet3-2.89\bullet3-2.89\src\BulletSoftBody\btDeformableMultiBodyDynamicsWorld.h">
      <Filter>Header Files</Filter>
    </ClInclude>
    <ClInclude Include="C:\Users\redzo\Downloads\bullet3-2.89\bullet3-2.89\src\BulletSoftBody\btDeformableContactConstraint.h">
      <Filter>Header Files</Filter>
    </ClInclude>
    <ClInclude Include="C:\Users\redzo\Downloads\bullet3-2.89\bullet3-2.89\src\BulletSoftBody\btSoftBodySolverVertexBuffer.h">
      <Filter>Header Files</Filter>
    </ClInclude>
  </ItemGroup>
  <ItemGroup>
    <CustomBuild Include="C:\Users\redzo\Downloads\bullet3-2.89\bullet3-2.89\src\BulletSoftBody\CMakeLists.txt" />
  </ItemGroup>
  <ItemGroup>
    <Filter Include="Header Files">
      <UniqueIdentifier>{B75E3EA9-F6ED-3A1B-8B7C-8FB129D08D3A}</UniqueIdentifier>
    </Filter>
    <Filter Include="Source Files">
      <UniqueIdentifier>{D3451D41-577D-3005-B93B-78A83F702C21}</UniqueIdentifier>
    </Filter>
  </ItemGroup>
</Project>
