<?xml version="1.0" encoding="utf-8"?>
<Project ToolsVersion="16.0" xmlns="http://schemas.microsoft.com/developer/msbuild/2003">
  <ItemGroup>
    <ClCompile Include="C:\Users\redzo\Downloads\bullet3-2.89\bullet3-2.89\src\BulletInverseDynamics\IDMath.cpp">
      <Filter>Source Files</Filter>
    </ClCompile>
    <ClCompile Include="C:\Users\redzo\Downloads\bullet3-2.89\bullet3-2.89\src\BulletInverseDynamics\MultiBodyTree.cpp">
      <Filter>Source Files</Filter>
    </ClCompile>
    <ClCompile Include="C:\Users\redzo\Downloads\bullet3-2.89\bullet3-2.89\src\BulletInverseDynamics\details\MultiBodyTreeInitCache.cpp">
      <Filter>Source Files</Filter>
    </ClCompile>
    <ClCompile Include="C:\Users\redzo\Downloads\bullet3-2.89\bullet3-2.89\src\BulletInverseDynamics\details\MultiBodyTreeImpl.cpp">
      <Filter>Source Files</Filter>
    </ClCompile>
  </ItemGroup>
  <ItemGroup>
    <ClInclude Include="C:\Users\redzo\Downloads\bullet3-2.89\bullet3-2.89\src\BulletInverseDynamics\IDConfig.hpp">
      <Filter>Header Files</Filter>
    </ClInclude>
    <ClInclude Include="C:\Users\redzo\Downloads\bullet3-2.89\bullet3-2.89\src\BulletInverseDynamics\IDConfigEigen.hpp">
      <Filter>Header Files</Filter>
    </ClInclude>
    <ClInclude Include="C:\Users\redzo\Downloads\bullet3-2.89\bullet3-2.89\src\BulletInverseDynamics\IDMath.hpp">
      <Filter>Header Files</Filter>
    </ClInclude>
    <ClInclude Include="C:\Users\redzo\Downloads\bullet3-2.89\bullet3-2.89\src\BulletInverseDynamics\IDConfigBuiltin.hpp">
      <Filter>Header Files</Filter>
    </ClInclude>
    <ClInclude Include="C:\Users\redzo\Downloads\bullet3-2.89\bullet3-2.89\src\BulletInverseDynamics\IDErrorMessages.hpp">
      <Filter>Header Files</Filter>
    </ClInclude>
    <ClInclude Include="C:\Users\redzo\Downloads\bullet3-2.89\bullet3-2.89\src\BulletInverseDynamics\MultiBodyTree.hpp">
      <Filter>Header Files</Filter>
    </ClInclude>
    <ClInclude Include="C:\Users\redzo\Downloads\bullet3-2.89\bullet3-2.89\src\BulletInverseDynamics\details\IDEigenInterface.hpp">
      <Filter>Header Files</Filter>
    </ClInclude>
    <ClInclude Include="C:\Users\redzo\Downloads\bullet3-2.89\bullet3-2.89\src\BulletInverseDynamics\details\IDMatVec.hpp">
      <Filter>Header Files</Filter>
    </ClInclude>
    <ClInclude Include="C:\Users\redzo\Downloads\bullet3-2.89\bullet3-2.89\src\BulletInverseDynamics\details\IDLinearMathInterface.hpp">
      <Filter>Header Files</Filter>
    </ClInclude>
    <ClInclude Include="C:\Users\redzo\Downloads\bullet3-2.89\bullet3-2.89\src\BulletInverseDynamics\details\MultiBodyTreeImpl.hpp">
      <Filter>Header Files</Filter>
    </ClInclude>
    <ClInclude Include="C:\Users\redzo\Downloads\bullet3-2.89\bullet3-2.89\src\BulletInverseDynamics\details\MultiBodyTreeInitCache.hpp">
      <Filter>Header Files</Filter>
    </ClInclude>
  </ItemGroup>
  <ItemGroup>
    <CustomBuild Include="C:\Users\redzo\Downloads\bullet3-2.89\bullet3-2.89\src\BulletInverseDynamics\CMakeLists.txt" />
  </ItemGroup>
  <ItemGroup>
    <Filter Include="Header Files">
      <UniqueIdentifier>{B75E3EA9-F6ED-3A1B-8B7C-8FB129D08D3A}</UniqueIdentifier>
    </Filter>
    <Filter Include="Source Files">
      <UniqueIdentifier>{D3451D41-577D-3005-B93B-78A83F702C21}</UniqueIdentifier>
    </Filter>
  </ItemGroup>
</Project>
