<?xml version="1.0" encoding="utf-8"?>
<Project ToolsVersion="16.0" xmlns="http://schemas.microsoft.com/developer/msbuild/2003">
  <ItemGroup>
    <CustomBuild Include="C:\Users\redzo\Downloads\bullet3-2.89\bullet3-2.89\CMakeFiles\b80720672fe1f9094dbc2a4442eb7e5d\RUN_TESTS_force.rule">
      <Filter>CMake Rules</Filter>
    </CustomBuild>
  </ItemGroup>
  <ItemGroup>
    <Filter Include="CMake Rules">
      <UniqueIdentifier>{9DDA6174-A100-30A7-996F-1398C9B5A8B7}</UniqueIdentifier>
    </Filter>
  </ItemGroup>
</Project>
